Microsoft Visual Studio Solution File, Format Version 12.00
# Visual Studio 2013
VisualStudioVersion = 12.0.31101.0
MinimumVisualStudioVersion = 10.0.40219.1
Project("{8BC9CEB8-8B4A-11D0-8D11-00A0C91BC942}") = "SurvivorCore", "SurvivorCore\SurvivorCore.vcxproj", "{4D743544-3FE8-4DAD-BB2D-4561A9E30CF4}"
	ProjectSection(ProjectDependencies) = postProject
		{08EF401F-010B-4590-BC1F-4D100238E1B8} = {08EF401F-010B-4590-BC1F-4D100238E1B8}
		{489A6826-CE66-4BE4-AAC1-C755F2EB237C} = {489A6826-CE66-4BE4-AAC1-C755F2EB237C}
		{C2B18ED9-7C3C-4D3A-B442-364D3629EC10} = {C2B18ED9-7C3C-4D3A-B442-364D3629EC10}
	EndProjectSection
EndProject
Project("{FAE04EC0-301F-11D3-BF4B-00C04F79EFBC}") = "UndecoratedCppFuncName", "UndecoratedCppFuncName\UndecoratedCppFuncName.csproj", "{4B51CEE2-8152-4F38-B484-8301BEB44C1F}"
EndProject
Project("{FAE04EC0-301F-11D3-BF4B-00C04F79EFBC}") = "CSharpUI2DImpl", "CSharpUI2DImpl\CSharpUI2DImpl.csproj", "{2AB4A5E7-B385-4E4C-B8EB-A6EA7E688963}"
	ProjectSection(ProjectDependencies) = postProject
		{489A6826-CE66-4BE4-AAC1-C755F2EB237C} = {489A6826-CE66-4BE4-AAC1-C755F2EB237C}
	EndProjectSection
EndProject
Project("{8BC9CEB8-8B4A-11D0-8D11-00A0C91BC942}") = "UIAdapterSelector", "UIAdapterSelector\UIAdapterSelector.vcxproj", "{08EF401F-010B-4590-BC1F-4D100238E1B8}"
	ProjectSection(ProjectDependencies) = postProject
		{489A6826-CE66-4BE4-AAC1-C755F2EB237C} = {489A6826-CE66-4BE4-AAC1-C755F2EB237C}
		{2AB4A5E7-B385-4E4C-B8EB-A6EA7E688963} = {2AB4A5E7-B385-4E4C-B8EB-A6EA7E688963}
		{A6B475EC-4EB4-40AB-9E2C-BE2E41AA15DB} = {A6B475EC-4EB4-40AB-9E2C-BE2E41AA15DB}
	EndProjectSection
EndProject
Project("{8BC9CEB8-8B4A-11D0-8D11-00A0C91BC942}") = "SurvivorLibrary", "SurvivorLibrary\SurvivorLibrary.vcxproj", "{489A6826-CE66-4BE4-AAC1-C755F2EB237C}"
EndProject
Project("{8BC9CEB8-8B4A-11D0-8D11-00A0C91BC942}") = "AIAdapterSelector", "AIAdapterSelector\AIAdapterSelector.vcxproj", "{C2B18ED9-7C3C-4D3A-B442-364D3629EC10}"
	ProjectSection(ProjectDependencies) = postProject
		{489A6826-CE66-4BE4-AAC1-C755F2EB237C} = {489A6826-CE66-4BE4-AAC1-C755F2EB237C}
	EndProjectSection
EndProject
Project("{FAE04EC0-301F-11D3-BF4B-00C04F79EFBC}") = "XNAUI3DImpl", "XNAUI3DImpl\XNAUI3DImpl.csproj", "{A6B475EC-4EB4-40AB-9E2C-BE2E41AA15DB}"
	ProjectSection(ProjectDependencies) = postProject
		{489A6826-CE66-4BE4-AAC1-C755F2EB237C} = {489A6826-CE66-4BE4-AAC1-C755F2EB237C}
	EndProjectSection
EndProject
Project("{2150E333-8FDC-42A3-9474-1A3956D46DE8}") = "UI", "UI", "{0E5FCE3D-66DD-4267-A889-BA65DCC7250B}"
EndProject
Project("{2150E333-8FDC-42A3-9474-1A3956D46DE8}") = "Core", "Core", "{B9F6F1E9-350E-4EC8-A0B5-04664A392FDE}"
EndProject
Project("{2150E333-8FDC-42A3-9474-1A3956D46DE8}") = "Library", "Library", "{426F6C00-5B0A-4019-B142-0A44BBAF7E0F}"
EndProject
Project("{FAE04EC0-301F-11D3-BF4B-00C04F79EFBC}") = "CSSurvivorLibrary", "CSSurvivorLibrary\CSSurvivorLibrary.csproj", "{4D5C6666-80D0-428A-91C0-966E47C02E16}"
EndProject
Project("{96E2B04D-8817-42C6-938A-82C39BA4D311}") = "XNASurvivorContent", "XNASurvivorContent\XNASurvivorContent.contentproj", "{3E115576-083E-491C-80D9-9866DA1EE110}"
EndProject
Global
	GlobalSection(SolutionConfigurationPlatforms) = preSolution
		Debug|x64 = Debug|x64
		Debug|x86 = Debug|x86
		Release|x64 = Release|x64
		Release|x86 = Release|x86
	EndGlobalSection
	GlobalSection(ProjectConfigurationPlatforms) = postSolution
		{4D743544-3FE8-4DAD-BB2D-4561A9E30CF4}.Debug|x64.ActiveCfg = Debug|x64
		{4D743544-3FE8-4DAD-BB2D-4561A9E30CF4}.Debug|x64.Build.0 = Debug|x64
		{4D743544-3FE8-4DAD-BB2D-4561A9E30CF4}.Debug|x86.ActiveCfg = Debug|Win32
		{4D743544-3FE8-4DAD-BB2D-4561A9E30CF4}.Debug|x86.Build.0 = Debug|Win32
		{4D743544-3FE8-4DAD-BB2D-4561A9E30CF4}.Release|x64.ActiveCfg = Release|x64
		{4D743544-3FE8-4DAD-BB2D-4561A9E30CF4}.Release|x64.Build.0 = Release|x64
		{4D743544-3FE8-4DAD-BB2D-4561A9E30CF4}.Release|x86.ActiveCfg = Release|Win32
		{4D743544-3FE8-4DAD-BB2D-4561A9E30CF4}.Release|x86.Build.0 = Release|Win32
		{4B51CEE2-8152-4F38-B484-8301BEB44C1F}.Debug|x64.ActiveCfg = Debug|x64
		{4B51CEE2-8152-4F38-B484-8301BEB44C1F}.Debug|x64.Build.0 = Debug|x64
		{4B51CEE2-8152-4F38-B484-8301BEB44C1F}.Debug|x86.ActiveCfg = Debug|x86
		{4B51CEE2-8152-4F38-B484-8301BEB44C1F}.Debug|x86.Build.0 = Debug|x86
		{4B51CEE2-8152-4F38-B484-8301BEB44C1F}.Release|x64.ActiveCfg = Release|x64
		{4B51CEE2-8152-4F38-B484-8301BEB44C1F}.Release|x64.Build.0 = Release|x64
		{4B51CEE2-8152-4F38-B484-8301BEB44C1F}.Release|x86.ActiveCfg = Release|x86
		{4B51CEE2-8152-4F38-B484-8301BEB44C1F}.Release|x86.Build.0 = Release|x86
		{2AB4A5E7-B385-4E4C-B8EB-A6EA7E688963}.Debug|x64.ActiveCfg = Debug|x64
		{2AB4A5E7-B385-4E4C-B8EB-A6EA7E688963}.Debug|x64.Build.0 = Debug|x64
		{2AB4A5E7-B385-4E4C-B8EB-A6EA7E688963}.Debug|x86.ActiveCfg = Debug|x86
		{2AB4A5E7-B385-4E4C-B8EB-A6EA7E688963}.Debug|x86.Build.0 = Debug|x86
		{2AB4A5E7-B385-4E4C-B8EB-A6EA7E688963}.Release|x64.ActiveCfg = Release|x64
		{2AB4A5E7-B385-4E4C-B8EB-A6EA7E688963}.Release|x64.Build.0 = Release|x64
		{2AB4A5E7-B385-4E4C-B8EB-A6EA7E688963}.Release|x86.ActiveCfg = Release|x86
		{2AB4A5E7-B385-4E4C-B8EB-A6EA7E688963}.Release|x86.Build.0 = Release|x86
		{08EF401F-010B-4590-BC1F-4D100238E1B8}.Debug|x64.ActiveCfg = Debug|x64
		{08EF401F-010B-4590-BC1F-4D100238E1B8}.Debug|x64.Build.0 = Debug|x64
		{08EF401F-010B-4590-BC1F-4D100238E1B8}.Debug|x86.ActiveCfg = Debug|Win32
		{08EF401F-010B-4590-BC1F-4D100238E1B8}.Debug|x86.Build.0 = Debug|Win32
		{08EF401F-010B-4590-BC1F-4D100238E1B8}.Release|x64.ActiveCfg = Release|x64
		{08EF401F-010B-4590-BC1F-4D100238E1B8}.Release|x64.Build.0 = Release|x64
		{08EF401F-010B-4590-BC1F-4D100238E1B8}.Release|x86.ActiveCfg = Release|Win32
		{08EF401F-010B-4590-BC1F-4D100238E1B8}.Release|x86.Build.0 = Release|Win32
		{489A6826-CE66-4BE4-AAC1-C755F2EB237C}.Debug|x64.ActiveCfg = Debug|x64
		{489A6826-CE66-4BE4-AAC1-C755F2EB237C}.Debug|x64.Build.0 = Debug|x64
		{489A6826-CE66-4BE4-AAC1-C755F2EB237C}.Debug|x86.ActiveCfg = Debug|Win32
		{489A6826-CE66-4BE4-AAC1-C755F2EB237C}.Debug|x86.Build.0 = Debug|Win32
		{489A6826-CE66-4BE4-AAC1-C755F2EB237C}.Release|x64.ActiveCfg = Release|x64
		{489A6826-CE66-4BE4-AAC1-C755F2EB237C}.Release|x64.Build.0 = Release|x64
		{489A6826-CE66-4BE4-AAC1-C755F2EB237C}.Release|x86.ActiveCfg = Release|Win32
		{489A6826-CE66-4BE4-AAC1-C755F2EB237C}.Release|x86.Build.0 = Release|Win32
		{C2B18ED9-7C3C-4D3A-B442-364D3629EC10}.Debug|x64.ActiveCfg = Debug|x64
		{C2B18ED9-7C3C-4D3A-B442-364D3629EC10}.Debug|x64.Build.0 = Debug|x64
		{C2B18ED9-7C3C-4D3A-B442-364D3629EC10}.Debug|x86.ActiveCfg = Debug|Win32
		{C2B18ED9-7C3C-4D3A-B442-364D3629EC10}.Debug|x86.Build.0 = Debug|Win32
		{C2B18ED9-7C3C-4D3A-B442-364D3629EC10}.Release|x64.ActiveCfg = Release|x64
		{C2B18ED9-7C3C-4D3A-B442-364D3629EC10}.Release|x64.Build.0 = Release|x64
		{C2B18ED9-7C3C-4D3A-B442-364D3629EC10}.Release|x86.ActiveCfg = Release|Win32
		{C2B18ED9-7C3C-4D3A-B442-364D3629EC10}.Release|x86.Build.0 = Release|Win32
		{A6B475EC-4EB4-40AB-9E2C-BE2E41AA15DB}.Debug|x64.ActiveCfg = Debug|x86
		{A6B475EC-4EB4-40AB-9E2C-BE2E41AA15DB}.Debug|x86.ActiveCfg = Debug|x86
		{A6B475EC-4EB4-40AB-9E2C-BE2E41AA15DB}.Debug|x86.Build.0 = Debug|x86
		{A6B475EC-4EB4-40AB-9E2C-BE2E41AA15DB}.Release|x64.ActiveCfg = Release|x86
		{A6B475EC-4EB4-40AB-9E2C-BE2E41AA15DB}.Release|x86.ActiveCfg = Release|x86
		{A6B475EC-4EB4-40AB-9E2C-BE2E41AA15DB}.Release|x86.Build.0 = Release|x86
		{4D5C6666-80D0-428A-91C0-966E47C02E16}.Debug|x64.ActiveCfg = Debug|x64
		{4D5C6666-80D0-428A-91C0-966E47C02E16}.Debug|x64.Build.0 = Debug|x64
		{4D5C6666-80D0-428A-91C0-966E47C02E16}.Debug|x86.ActiveCfg = Debug|x86
		{4D5C6666-80D0-428A-91C0-966E47C02E16}.Debug|x86.Build.0 = Debug|x86
		{4D5C6666-80D0-428A-91C0-966E47C02E16}.Release|x64.ActiveCfg = Release|x64
		{4D5C6666-80D0-428A-91C0-966E47C02E16}.Release|x64.Build.0 = Release|x64
		{4D5C6666-80D0-428A-91C0-966E47C02E16}.Release|x86.ActiveCfg = Release|x86
		{4D5C6666-80D0-428A-91C0-966E47C02E16}.Release|x86.Build.0 = Release|x86
		{3E115576-083E-491C-80D9-9866DA1EE110}.Debug|x64.ActiveCfg = Debug|Any CPU
		{3E115576-083E-491C-80D9-9866DA1EE110}.Debug|x86.ActiveCfg = Debug|Any CPU
		{3E115576-083E-491C-80D9-9866DA1EE110}.Release|x64.ActiveCfg = Debug|Any CPU
		{3E115576-083E-491C-80D9-9866DA1EE110}.Release|x86.ActiveCfg = Debug|Any CPU
	EndGlobalSection
	GlobalSection(SolutionProperties) = preSolution
		HideSolutionNode = FALSE
	EndGlobalSection
	GlobalSection(NestedProjects) = preSolution
		{4D743544-3FE8-4DAD-BB2D-4561A9E30CF4} = {B9F6F1E9-350E-4EC8-A0B5-04664A392FDE}
		{2AB4A5E7-B385-4E4C-B8EB-A6EA7E688963} = {0E5FCE3D-66DD-4267-A889-BA65DCC7250B}
		{08EF401F-010B-4590-BC1F-4D100238E1B8} = {B9F6F1E9-350E-4EC8-A0B5-04664A392FDE}
		{489A6826-CE66-4BE4-AAC1-C755F2EB237C} = {426F6C00-5B0A-4019-B142-0A44BBAF7E0F}
		{C2B18ED9-7C3C-4D3A-B442-364D3629EC10} = {B9F6F1E9-350E-4EC8-A0B5-04664A392FDE}
		{A6B475EC-4EB4-40AB-9E2C-BE2E41AA15DB} = {0E5FCE3D-66DD-4267-A889-BA65DCC7250B}
		{4D5C6666-80D0-428A-91C0-966E47C02E16} = {426F6C00-5B0A-4019-B142-0A44BBAF7E0F}
		{3E115576-083E-491C-80D9-9866DA1EE110} = {0E5FCE3D-66DD-4267-A889-BA65DCC7250B}
	EndGlobalSection
EndGlobal
